
Microsoft Visual Studio Solution File, Format Version 12.00
# Visual Studio Version 17
VisualStudioVersion = 17.0.31410.414
MinimumVisualStudioVersion = 10.0.40219.1
Project("{9A19103F-16F7-4668-BE54-9A1E7A4F7556}") = "Shared", "Shared\Shared.csproj", "{7BD1E32D-2EB4-4C38-A449-414CCB0ECD32}"
EndProject
Project("{2150E333-8FDC-42A3-9474-1A3956D46DE8}") = "Solution Items", "Solution Items", "{DD4F4DC6-45BD-486E-8F58-563A0C313C55}"
	ProjectSection(SolutionItems) = preProject
		.editorconfig = .editorconfig
	EndProjectSection
EndProject
Project("{9A19103F-16F7-4668-BE54-9A1E7A4F7556}") = "VitalService", "Backend\VitalService.csproj", "{96FB78C5-5B23-4364-AEA6-DF65B0C61A0F}"
EndProject
Project("{9A19103F-16F7-4668-BE54-9A1E7A4F7556}") = "NotRespondingApp", "NotRespondingApp\NotRespondingApp.csproj", "{B21AF98E-EE7E-4479-A8CF-74736E8FF07B}"
EndProject
Project("{2150E333-8FDC-42A3-9474-1A3956D46DE8}") = "NativePlugins", "NativePlugins", "{E0AE2B67-7793-454A-9194-F70702F9288C}"
EndProject
Project("{2150E333-8FDC-42A3-9474-1A3956D46DE8}") = "Tests", "Tests", "{ED02EB4B-0602-4039-9047-0EBA8CFDF3CC}"
EndProject
Global
	GlobalSection(SolutionConfigurationPlatforms) = preSolution
		Debug|Any CPU = Debug|Any CPU
		Debug|x64 = Debug|x64
		Debug|x86 = Debug|x86
		Release|Any CPU = Release|Any CPU
		Release|x64 = Release|x64
		Release|x86 = Release|x86
	EndGlobalSection
	GlobalSection(ProjectConfigurationPlatforms) = postSolution
		{7BD1E32D-2EB4-4C38-A449-414CCB0ECD32}.Debug|Any CPU.ActiveCfg = Debug|Any CPU
		{7BD1E32D-2EB4-4C38-A449-414CCB0ECD32}.Debug|Any CPU.Build.0 = Debug|Any CPU
		{7BD1E32D-2EB4-4C38-A449-414CCB0ECD32}.Debug|x64.ActiveCfg = Debug|x64
		{7BD1E32D-2EB4-4C38-A449-414CCB0ECD32}.Debug|x64.Build.0 = Debug|x64
		{7BD1E32D-2EB4-4C38-A449-414CCB0ECD32}.Debug|x86.ActiveCfg = Debug|Any CPU
		{7BD1E32D-2EB4-4C38-A449-414CCB0ECD32}.Debug|x86.Build.0 = Debug|Any CPU
		{7BD1E32D-2EB4-4C38-A449-414CCB0ECD32}.Release|Any CPU.ActiveCfg = Release|Any CPU
		{7BD1E32D-2EB4-4C38-A449-414CCB0ECD32}.Release|Any CPU.Build.0 = Release|Any CPU
		{7BD1E32D-2EB4-4C38-A449-414CCB0ECD32}.Release|x64.ActiveCfg = Release|x64
		{7BD1E32D-2EB4-4C38-A449-414CCB0ECD32}.Release|x64.Build.0 = Release|x64
		{7BD1E32D-2EB4-4C38-A449-414CCB0ECD32}.Release|x86.ActiveCfg = Release|Any CPU
		{7BD1E32D-2EB4-4C38-A449-414CCB0ECD32}.Release|x86.Build.0 = Release|Any CPU
		{96FB78C5-5B23-4364-AEA6-DF65B0C61A0F}.Debug|Any CPU.ActiveCfg = Debug|Any CPU
		{96FB78C5-5B23-4364-AEA6-DF65B0C61A0F}.Debug|Any CPU.Build.0 = Debug|Any CPU
		{96FB78C5-5B23-4364-AEA6-DF65B0C61A0F}.Debug|x64.ActiveCfg = Debug|x64
		{96FB78C5-5B23-4364-AEA6-DF65B0C61A0F}.Debug|x64.Build.0 = Debug|x64
		{96FB78C5-5B23-4364-AEA6-DF65B0C61A0F}.Debug|x86.ActiveCfg = Debug|Any CPU
		{96FB78C5-5B23-4364-AEA6-DF65B0C61A0F}.Debug|x86.Build.0 = Debug|Any CPU
		{96FB78C5-5B23-4364-AEA6-DF65B0C61A0F}.Release|Any CPU.ActiveCfg = Release|Any CPU
		{96FB78C5-5B23-4364-AEA6-DF65B0C61A0F}.Release|Any CPU.Build.0 = Release|Any CPU
		{96FB78C5-5B23-4364-AEA6-DF65B0C61A0F}.Release|x64.ActiveCfg = Release|x64
		{96FB78C5-5B23-4364-AEA6-DF65B0C61A0F}.Release|x64.Build.0 = Release|x64
		{96FB78C5-5B23-4364-AEA6-DF65B0C61A0F}.Release|x86.ActiveCfg = Release|Any CPU
		{96FB78C5-5B23-4364-AEA6-DF65B0C61A0F}.Release|x86.Build.0 = Release|Any CPU
		{B21AF98E-EE7E-4479-A8CF-74736E8FF07B}.Debug|Any CPU.ActiveCfg = Debug|Any CPU
		{B21AF98E-EE7E-4479-A8CF-74736E8FF07B}.Debug|Any CPU.Build.0 = Debug|Any CPU
		{B21AF98E-EE7E-4479-A8CF-74736E8FF07B}.Debug|x64.ActiveCfg = Debug|Any CPU
		{B21AF98E-EE7E-4479-A8CF-74736E8FF07B}.Debug|x64.Build.0 = Debug|Any CPU
		{B21AF98E-EE7E-4479-A8CF-74736E8FF07B}.Debug|x86.ActiveCfg = Debug|Any CPU
		{B21AF98E-EE7E-4479-A8CF-74736E8FF07B}.Debug|x86.Build.0 = Debug|Any CPU
		{B21AF98E-EE7E-4479-A8CF-74736E8FF07B}.Release|Any CPU.ActiveCfg = Release|Any CPU
		{B21AF98E-EE7E-4479-A8CF-74736E8FF07B}.Release|Any CPU.Build.0 = Release|Any CPU
		{B21AF98E-EE7E-4479-A8CF-74736E8FF07B}.Release|x64.ActiveCfg = Release|Any CPU
		{B21AF98E-EE7E-4479-A8CF-74736E8FF07B}.Release|x64.Build.0 = Release|Any CPU
		{B21AF98E-EE7E-4479-A8CF-74736E8FF07B}.Release|x86.ActiveCfg = Release|Any CPU
		{B21AF98E-EE7E-4479-A8CF-74736E8FF07B}.Release|x86.Build.0 = Release|Any CPU
	EndGlobalSection
	GlobalSection(SolutionProperties) = preSolution
		HideSolutionNode = FALSE
	EndGlobalSection
	GlobalSection(NestedProjects) = preSolution
		{B21AF98E-EE7E-4479-A8CF-74736E8FF07B} = {ED02EB4B-0602-4039-9047-0EBA8CFDF3CC}
	EndGlobalSection
	GlobalSection(ExtensibilityGlobals) = postSolution
		SolutionGuid = {D25FD26F-A172-483F-AA3D-E15DF9DB9FC8}
	EndGlobalSection
EndGlobal
